// !$*UTF8*$!
{
	archiveVersion = 1;
	classes = {
	};
	objectVersion = 46;
	objects = {

/* Begin PBXBuildFile section */
		707583E41B53A25F00712B8C /* AppDelegate.swift in Sources */ = {isa = PBXBuildFile; fileRef = 707583E31B53A25F00712B8C /* AppDelegate.swift */; };
		707583E61B53A25F00712B8C /* GameScene.sks in Resources */ = {isa = PBXBuildFile; fileRef = 707583E51B53A25F00712B8C /* GameScene.sks */; };
		707583E81B53A25F00712B8C /* GameScene.swift in Sources */ = {isa = PBXBuildFile; fileRef = 707583E71B53A25F00712B8C /* GameScene.swift */; };
		707583EA1B53A25F00712B8C /* GameViewController.swift in Sources */ = {isa = PBXBuildFile; fileRef = 707583E91B53A25F00712B8C /* GameViewController.swift */; };
		707583ED1B53A25F00712B8C /* Main.storyboard in Resources */ = {isa = PBXBuildFile; fileRef = 707583EB1B53A25F00712B8C /* Main.storyboard */; };
		707583EF1B53A25F00712B8C /* Assets.xcassets in Resources */ = {isa = PBXBuildFile; fileRef = 707583EE1B53A25F00712B8C /* Assets.xcassets */; };
		707583F21B53A25F00712B8C /* LaunchScreen.storyboard in Resources */ = {isa = PBXBuildFile; fileRef = 707583F01B53A25F00712B8C /* LaunchScreen.storyboard */; };
/* End PBXBuildFile section */

/* Begin PBXFileReference section */
		707583E01B53A25E00712B8C /* GameplayKitPathfinding.app */ = {isa = PBXFileReference; explicitFileType = wrapper.application; includeInIndex = 0; path = GameplayKitPathfinding.app; sourceTree = BUILT_PRODUCTS_DIR; };
		707583E31B53A25F00712B8C /* AppDelegate.swift */ = {isa = PBXFileReference; lastKnownFileType = sourcecode.swift; path = AppDelegate.swift; sourceTree = "<group>"; };
		707583E51B53A25F00712B8C /* GameScene.sks */ = {isa = PBXFileReference; lastKnownFileType = file.sks; path = GameScene.sks; sourceTree = "<group>"; };
		707583E71B53A25F00712B8C /* GameScene.swift */ = {isa = PBXFileReference; lastKnownFileType = sourcecode.swift; path = GameScene.swift; sourceTree = "<group>"; };
		707583E91B53A25F00712B8C /* GameViewController.swift */ = {isa = PBXFileReference; lastKnownFileType = sourcecode.swift; path = GameViewController.swift; sourceTree = "<group>"; };
		707583EC1B53A25F00712B8C /* Base */ = {isa = PBXFileReference; lastKnownFileType = file.storyboard; name = Base; path = Base.lproj/Main.storyboard; sourceTree = "<group>"; };
		707583EE1B53A25F00712B8C /* Assets.xcassets */ = {isa = PBXFileReference; lastKnownFileType = folder.assetcatalog; path = Assets.xcassets; sourceTree = "<group>"; };
		707583F11B53A25F00712B8C /* Base */ = {isa = PBXFileReference; lastKnownFileType = file.storyboard; name = Base; path = Base.lproj/LaunchScreen.storyboard; sourceTree = "<group>"; };
		707583F31B53A26000712B8C /* Info.plist */ = {isa = PBXFileReference; lastKnownFileType = text.plist.xml; path = Info.plist; sourceTree = "<group>"; };
/* End PBXFileReference section */

/* Begin PBXFrameworksBuildPhase section */
		707583DD1B53A25E00712B8C /* Frameworks */ = {
			isa = PBXFrameworksBuildPhase;
			buildActionMask = 2147483647;
			files = (
			);
			runOnlyForDeploymentPostprocessing = 0;
		};
/* End PBXFrameworksBuildPhase section */

/* Begin PBXGroup section */
		707583D71B53A25E00712B8C = {
			isa = PBXGroup;
			children = (
				707583E21B53A25E00712B8C /* GameplayKitPathfinding */,
				707583E11B53A25E00712B8C /* Products */,
			);
			sourceTree = "<group>";
		};
		707583E11B53A25E00712B8C /* Products */ = {
			isa = PBXGroup;
			children = (
				707583E01B53A25E00712B8C /* GameplayKitPathfinding.app */,
			);
			name = Products;
			sourceTree = "<group>";
		};
		707583E21B53A25E00712B8C /* GameplayKitPathfinding */ = {
			isa = PBXGroup;
			children = (
				707583E31B53A25F00712B8C /* AppDelegate.swift */,
				707583E51B53A25F00712B8C /* GameScene.sks */,
				707583E71B53A25F00712B8C /* GameScene.swift */,
				707583E91B53A25F00712B8C /* GameViewController.swift */,
				707583EB1B53A25F00712B8C /* Main.storyboard */,
				707583EE1B53A25F00712B8C /* Assets.xcassets */,
				707583F01B53A25F00712B8C /* LaunchScreen.storyboard */,
				707583F31B53A26000712B8C /* Info.plist */,
			);
			path = GameplayKitPathfinding;
			sourceTree = "<group>";
		};
/* End PBXGroup section */

/* Begin PBXNativeTarget section */
		707583DF1B53A25E00712B8C /* GameplayKitPathfinding */ = {
			isa = PBXNativeTarget;
			buildConfigurationList = 707583F61B53A26000712B8C /* Build configuration list for PBXNativeTarget "GameplayKitPathfinding" */;
			buildPhases = (
				707583DC1B53A25E00712B8C /* Sources */,
				707583DD1B53A25E00712B8C /* Frameworks */,
				707583DE1B53A25E00712B8C /* Resources */,
			);
			buildRules = (
			);
			dependencies = (
			);
			name = GameplayKitPathfinding;
			productName = GameplayKitPathfinding;
			productReference = 707583E01B53A25E00712B8C /* GameplayKitPathfinding.app */;
			productType = "com.apple.product-type.application";
		};
/* End PBXNativeTarget section */

/* Begin PBXProject section */
		707583D81B53A25E00712B8C /* Project object */ = {
			isa = PBXProject;
			attributes = {
				LastSwiftUpdateCheck = 0710;
				LastUpgradeCheck = 0700;
				ORGANIZATIONNAME = "Shinobi Controls";
				TargetAttributes = {
					707583DF1B53A25E00712B8C = {
						CreatedOnToolsVersion = 7.0;
					};
				};
			};
			buildConfigurationList = 707583DB1B53A25E00712B8C /* Build configuration list for PBXProject "GameplayKitPathfinding" */;
			compatibilityVersion = "Xcode 3.2";
			developmentRegion = English;
			hasScannedForEncodings = 0;
			knownRegions = (
				en,
				Base,
			);
			mainGroup = 707583D71B53A25E00712B8C;
			productRefGroup = 707583E11B53A25E00712B8C /* Products */;
			projectDirPath = "";
			projectRoot = "";
			targets = (
				707583DF1B53A25E00712B8C /* GameplayKitPathfinding */,
			);
		};
/* End PBXProject section */

/* Begin PBXResourcesBuildPhase section */
		707583DE1B53A25E00712B8C /* Resources */ = {
			isa = PBXResourcesBuildPhase;
			buildActionMask = 2147483647;
			files = (
				707583E61B53A25F00712B8C /* GameScene.sks in Resources */,
				707583F21B53A25F00712B8C /* LaunchScreen.storyboard in Resources */,
				707583EF1B53A25F00712B8C /* Assets.xcassets in Resources */,
				707583ED1B53A25F00712B8C /* Main.storyboard in Resources */,
			);
			runOnlyForDeploymentPostprocessing = 0;
		};
/* End PBXResourcesBuildPhase section */

/* Begin PBXSourcesBuildPhase section */
		707583DC1B53A25E00712B8C /* Sources */ = {
			isa = PBXSourcesBuildPhase;
			buildActionMask = 2147483647;
			files = (
				707583E81B53A25F00712B8C /* GameScene.swift in Sources */,
				707583EA1B53A25F00712B8C /* GameViewController.swift in Sources */,
				707583E41B53A25F00712B8C /* AppDelegate.swift in Sources */,
			);
			runOnlyForDeploymentPostprocessing = 0;
		};
/* End PBXSourcesBuildPhase section */

/* Begin PBXVariantGroup section */
		707583EB1B53A25F00712B8C /* Main.storyboard */ = {
			isa = PBXVariantGroup;
			children = (
				707583EC1B53A25F00712B8C /* Base */,
			);
			name = Main.storyboard;
			sourceTree = "<group>";
		};
		707583F01B53A25F00712B8C /* LaunchScreen.storyboard */ = {
			isa = PBXVariantGroup;
			children = (
				707583F11B53A25F00712B8C /* Base */,
			);
			name = LaunchScreen.storyboard;
			sourceTree = "<group>";
		};
/* End PBXVariantGroup section */

/* Begin XCBuildConfiguration section */
		707583F41B53A26000712B8C /* Debug */ = {
			isa = XCBuildConfiguration;
			buildSettings = {
				ALWAYS_SEARCH_USER_PATHS = NO;
				CLANG_CXX_LANGUAGE_STANDARD = "gnu++0x";
				CLANG_CXX_LIBRARY = "libc++";
				CLANG_ENABLE_MODULES = YES;
				CLANG_ENABLE_OBJC_ARC = YES;
				CLANG_WARN_BOOL_CONVERSION = YES;
				CLANG_WARN_CONSTANT_CONVERSION = YES;
				CLANG_WARN_DIRECT_OBJC_ISA_USAGE = YES_ERROR;
				CLANG_WARN_EMPTY_BODY = YES;
				CLANG_WARN_ENUM_CONVERSION = YES;
				CLANG_WARN_INT_CONVERSION = YES;
				CLANG_WARN_OBJC_ROOT_CLASS = YES_ERROR;
				CLANG_WARN_UNREACHABLE_CODE = YES;
				CLANG_WARN__DUPLICATE_METHOD_MATCH = YES;
				"CODE_SIGN_IDENTITY[sdk=iphoneos*]" = "iPhone Developer";
				COPY_PHASE_STRIP = NO;
				DEBUG_INFORMATION_FORMAT = dwarf;
				ENABLE_STRICT_OBJC_MSGSEND = YES;
				ENABLE_TESTABILITY = YES;
				GCC_C_LANGUAGE_STANDARD = gnu99;
				GCC_DYNAMIC_NO_PIC = NO;
				GCC_NO_COMMON_BLOCKS = YES;
				GCC_OPTIMIZATION_LEVEL = 0;
				GCC_PREPROCESSOR_DEFINITIONS = (
					"DEBUG=1",
					"$(inherited)",
				);
				GCC_WARN_64_TO_32_BIT_CONVERSION = YES;
				GCC_WARN_ABOUT_RETURN_TYPE = YES_ERROR;
				GCC_WARN_UNDECLARED_SELECTOR = YES;
				GCC_WARN_UNINITIALIZED_AUTOS = YES_AGGRESSIVE;
				GCC_WARN_UNUSED_FUNCTION = YES;
				GCC_WARN_UNUSED_VARIABLE = YES;
				IPHONEOS_DEPLOYMENT_TARGET = 9.0;
				MTL_ENABLE_DEBUG_INFO = YES;
				ONLY_ACTIVE_ARCH = YES;
				SDKROOT = iphoneos;
				SWIFT_OPTIMIZATION_LEVEL = "-Onone";
				TARGETED_DEVICE_FAMILY = "1,2";
			};
			name = Debug;
		};
		707583F51B53A26000712B8C /* Release */ = {
			isa = XCBuildConfiguration;
			buildSettings = {
				ALWAYS_SEARCH_USER_PATHS = NO;
				CLANG_CXX_LANGUAGE_STANDARD = "gnu++0x";
				CLANG_CXX_LIBRARY = "libc++";
				CLANG_ENABLE_MODULES = YES;
				CLANG_ENABLE_OBJC_ARC = YES;
				CLANG_WARN_BOOL_CONVERSION = YES;
				CLANG_WARN_CONSTANT_CONVERSION = YES;
				CLANG_WARN_DIRECT_OBJC_ISA_USAGE = YES_ERROR;
				CLANG_WARN_EMPTY_BODY = YES;
				CLANG_WARN_ENUM_CONVERSION = YES;
				CLANG_WARN_INT_CONVERSION = YES;
				CLANG_WARN_OBJC_ROOT_CLASS = YES_ERROR;
				CLANG_WARN_UNREACHABLE_CODE = YES;
				CLANG_WARN__DUPLICATE_METHOD_MATCH = YES;
				"CODE_SIGN_IDENTITY[sdk=iphoneos*]" = "iPhone Developer";
				COPY_PHASE_STRIP = NO;
				DEBUG_INFORMATION_FORMAT = "dwarf-with-dsym";
				ENABLE_NS_ASSERTIONS = NO;
				ENABLE_STRICT_OBJC_MSGSEND = YES;
				GCC_C_LANGUAGE_STANDARD = gnu99;
				GCC_NO_COMMON_BLOCKS = YES;
				GCC_WARN_64_TO_32_BIT_CONVERSION = YES;
				GCC_WARN_ABOUT_RETURN_TYPE = YES_ERROR;
				GCC_WARN_UNDECLARED_SELECTOR = YES;
				GCC_WARN_UNINITIALIZED_AUTOS = YES_AGGRESSIVE;
				GCC_WARN_UNUSED_FUNCTION = YES;
				GCC_WARN_UNUSED_VARIABLE = YES;
				IPHONEOS_DEPLOYMENT_TARGET = 9.0;
				MTL_ENABLE_DEBUG_INFO = NO;
				SDKROOT = iphoneos;
				TARGETED_DEVICE_FAMILY = "1,2";
				VALIDATE_PRODUCT = YES;
			};
			name = Release;
		};
		707583F71B53A26000712B8C /* Debug */ = {
			isa = XCBuildConfiguration;
			buildSettings = {
				ASSETCATALOG_COMPILER_APPICON_NAME = AppIcon;
				INFOPLIST_FILE = GameplayKitPathfinding/Info.plist;
				LD_RUNPATH_SEARCH_PATHS = "$(inherited) @executable_path/Frameworks";
				PRODUCT_BUNDLE_IDENTIFIER = shinobicontrols.GameplayKitPathfinding;
				PRODUCT_NAME = "$(TARGET_NAME)";
			};
			name = Debug;
		};
		707583F81B53A26000712B8C /* Release */ = {
			isa = XCBuildConfiguration;
			buildSettings = {
				ASSETCATALOG_COMPILER_APPICON_NAME = AppIcon;
				INFOPLIST_FILE = GameplayKitPathfinding/Info.plist;
				LD_RUNPATH_SEARCH_PATHS = "$(inherited) @executable_path/Frameworks";
				PRODUCT_BUNDLE_IDENTIFIER = shinobicontrols.GameplayKitPathfinding;
				PRODUCT_NAME = "$(TARGET_NAME)";
			};
			name = Release;
		};
/* End XCBuildConfiguration section */

/* Begin XCConfigurationList section */
		707583DB1B53A25E00712B8C /* Build configuration list for PBXProject "GameplayKitPathfinding" */ = {
			isa = XCConfigurationList;
			buildConfigurations = (
				707583F41B53A26000712B8C /* Debug */,
				707583F51B53A26000712B8C /* Release */,
			);
			defaultConfigurationIsVisible = 0;
			defaultConfigurationName = Release;
		};
		707583F61B53A26000712B8C /* Build configuration list for PBXNativeTarget "GameplayKitPathfinding" */ = {
			isa = XCConfigurationList;
			buildConfigurations = (
				707583F71B53A26000712B8C /* Debug */,
				707583F81B53A26000712B8C /* Release */,
			);
			defaultConfigurationIsVisible = 0;
			defaultConfigurationName = Release;
		};
/* End XCConfigurationList section */
	};
	rootObject = 707583D81B53A25E00712B8C /* Project object */;
}
