// !$*UTF8*$!
{
	archiveVersion = 1;
	classes = {
	};
	objectVersion = 46;
	objects = {

/* Begin PBXBuildFile section */
		70ADB4C71B413BEC00C3FB89 /* AppDelegate.swift in Sources */ = {isa = PBXBuildFile; fileRef = 70ADB4C61B413BEC00C3FB89 /* AppDelegate.swift */; };
		70ADB4C91B413BEC00C3FB89 /* MasterViewController.swift in Sources */ = {isa = PBXBuildFile; fileRef = 70ADB4C81B413BEC00C3FB89 /* MasterViewController.swift */; };
		70ADB4CB1B413BEC00C3FB89 /* DetailViewController.swift in Sources */ = {isa = PBXBuildFile; fileRef = 70ADB4CA1B413BEC00C3FB89 /* DetailViewController.swift */; };
		70ADB4CE1B413BEC00C3FB89 /* Main.storyboard in Resources */ = {isa = PBXBuildFile; fileRef = 70ADB4CC1B413BEC00C3FB89 /* Main.storyboard */; };
		70ADB4D01B413BEC00C3FB89 /* Assets.xcassets in Resources */ = {isa = PBXBuildFile; fileRef = 70ADB4CF1B413BEC00C3FB89 /* Assets.xcassets */; };
		70ADB4D31B413BEC00C3FB89 /* LaunchScreen.storyboard in Resources */ = {isa = PBXBuildFile; fileRef = 70ADB4D11B413BEC00C3FB89 /* LaunchScreen.storyboard */; };
/* End PBXBuildFile section */

/* Begin PBXFileReference section */
		70ADB4C31B413BEC00C3FB89 /* ContactsFramework.app */ = {isa = PBXFileReference; explicitFileType = wrapper.application; includeInIndex = 0; path = ContactsFramework.app; sourceTree = BUILT_PRODUCTS_DIR; };
		70ADB4C61B413BEC00C3FB89 /* AppDelegate.swift */ = {isa = PBXFileReference; lastKnownFileType = sourcecode.swift; path = AppDelegate.swift; sourceTree = "<group>"; };
		70ADB4C81B413BEC00C3FB89 /* MasterViewController.swift */ = {isa = PBXFileReference; lastKnownFileType = sourcecode.swift; path = MasterViewController.swift; sourceTree = "<group>"; };
		70ADB4CA1B413BEC00C3FB89 /* DetailViewController.swift */ = {isa = PBXFileReference; lastKnownFileType = sourcecode.swift; path = DetailViewController.swift; sourceTree = "<group>"; };
		70ADB4CD1B413BEC00C3FB89 /* Base */ = {isa = PBXFileReference; lastKnownFileType = file.storyboard; name = Base; path = Base.lproj/Main.storyboard; sourceTree = "<group>"; };
		70ADB4CF1B413BEC00C3FB89 /* Assets.xcassets */ = {isa = PBXFileReference; lastKnownFileType = folder.assetcatalog; path = Assets.xcassets; sourceTree = "<group>"; };
		70ADB4D21B413BEC00C3FB89 /* Base */ = {isa = PBXFileReference; lastKnownFileType = file.storyboard; name = Base; path = Base.lproj/LaunchScreen.storyboard; sourceTree = "<group>"; };
		70ADB4D41B413BEC00C3FB89 /* Info.plist */ = {isa = PBXFileReference; lastKnownFileType = text.plist.xml; path = Info.plist; sourceTree = "<group>"; };
/* End PBXFileReference section */

/* Begin PBXFrameworksBuildPhase section */
		70ADB4C01B413BEC00C3FB89 /* Frameworks */ = {
			isa = PBXFrameworksBuildPhase;
			buildActionMask = 2147483647;
			files = (
			);
			runOnlyForDeploymentPostprocessing = 0;
		};
/* End PBXFrameworksBuildPhase section */

/* Begin PBXGroup section */
		70ADB4BA1B413BEC00C3FB89 = {
			isa = PBXGroup;
			children = (
				70ADB4C51B413BEC00C3FB89 /* ContactsFramework */,
				70ADB4C41B413BEC00C3FB89 /* Products */,
			);
			sourceTree = "<group>";
		};
		70ADB4C41B413BEC00C3FB89 /* Products */ = {
			isa = PBXGroup;
			children = (
				70ADB4C31B413BEC00C3FB89 /* ContactsFramework.app */,
			);
			name = Products;
			sourceTree = "<group>";
		};
		70ADB4C51B413BEC00C3FB89 /* ContactsFramework */ = {
			isa = PBXGroup;
			children = (
				70ADB4C61B413BEC00C3FB89 /* AppDelegate.swift */,
				70ADB4C81B413BEC00C3FB89 /* MasterViewController.swift */,
				70ADB4CA1B413BEC00C3FB89 /* DetailViewController.swift */,
				70ADB4CC1B413BEC00C3FB89 /* Main.storyboard */,
				70ADB4CF1B413BEC00C3FB89 /* Assets.xcassets */,
				70ADB4D11B413BEC00C3FB89 /* LaunchScreen.storyboard */,
				70ADB4D41B413BEC00C3FB89 /* Info.plist */,
			);
			path = ContactsFramework;
			sourceTree = "<group>";
		};
/* End PBXGroup section */

/* Begin PBXNativeTarget section */
		70ADB4C21B413BEC00C3FB89 /* ContactsFramework */ = {
			isa = PBXNativeTarget;
			buildConfigurationList = 70ADB4D71B413BEC00C3FB89 /* Build configuration list for PBXNativeTarget "ContactsFramework" */;
			buildPhases = (
				70ADB4BF1B413BEC00C3FB89 /* Sources */,
				70ADB4C01B413BEC00C3FB89 /* Frameworks */,
				70ADB4C11B413BEC00C3FB89 /* Resources */,
			);
			buildRules = (
			);
			dependencies = (
			);
			name = ContactsFramework;
			productName = ContactsFramework;
			productReference = 70ADB4C31B413BEC00C3FB89 /* ContactsFramework.app */;
			productType = "com.apple.product-type.application";
		};
/* End PBXNativeTarget section */

/* Begin PBXProject section */
		70ADB4BB1B413BEC00C3FB89 /* Project object */ = {
			isa = PBXProject;
			attributes = {
				LastSwiftUpdateCheck = 0710;
				LastUpgradeCheck = 0700;
				ORGANIZATIONNAME = "Shinobi Controls";
				TargetAttributes = {
					70ADB4C21B413BEC00C3FB89 = {
						CreatedOnToolsVersion = 7.0;
					};
				};
			};
			buildConfigurationList = 70ADB4BE1B413BEC00C3FB89 /* Build configuration list for PBXProject "ContactsFramework" */;
			compatibilityVersion = "Xcode 3.2";
			developmentRegion = English;
			hasScannedForEncodings = 0;
			knownRegions = (
				en,
				Base,
			);
			mainGroup = 70ADB4BA1B413BEC00C3FB89;
			productRefGroup = 70ADB4C41B413BEC00C3FB89 /* Products */;
			projectDirPath = "";
			projectRoot = "";
			targets = (
				70ADB4C21B413BEC00C3FB89 /* ContactsFramework */,
			);
		};
/* End PBXProject section */

/* Begin PBXResourcesBuildPhase section */
		70ADB4C11B413BEC00C3FB89 /* Resources */ = {
			isa = PBXResourcesBuildPhase;
			buildActionMask = 2147483647;
			files = (
				70ADB4D31B413BEC00C3FB89 /* LaunchScreen.storyboard in Resources */,
				70ADB4D01B413BEC00C3FB89 /* Assets.xcassets in Resources */,
				70ADB4CE1B413BEC00C3FB89 /* Main.storyboard in Resources */,
			);
			runOnlyForDeploymentPostprocessing = 0;
		};
/* End PBXResourcesBuildPhase section */

/* Begin PBXSourcesBuildPhase section */
		70ADB4BF1B413BEC00C3FB89 /* Sources */ = {
			isa = PBXSourcesBuildPhase;
			buildActionMask = 2147483647;
			files = (
				70ADB4CB1B413BEC00C3FB89 /* DetailViewController.swift in Sources */,
				70ADB4C91B413BEC00C3FB89 /* MasterViewController.swift in Sources */,
				70ADB4C71B413BEC00C3FB89 /* AppDelegate.swift in Sources */,
			);
			runOnlyForDeploymentPostprocessing = 0;
		};
/* End PBXSourcesBuildPhase section */

/* Begin PBXVariantGroup section */
		70ADB4CC1B413BEC00C3FB89 /* Main.storyboard */ = {
			isa = PBXVariantGroup;
			children = (
				70ADB4CD1B413BEC00C3FB89 /* Base */,
			);
			name = Main.storyboard;
			sourceTree = "<group>";
		};
		70ADB4D11B413BEC00C3FB89 /* LaunchScreen.storyboard */ = {
			isa = PBXVariantGroup;
			children = (
				70ADB4D21B413BEC00C3FB89 /* Base */,
			);
			name = LaunchScreen.storyboard;
			sourceTree = "<group>";
		};
/* End PBXVariantGroup section */

/* Begin XCBuildConfiguration section */
		70ADB4D51B413BEC00C3FB89 /* Debug */ = {
			isa = XCBuildConfiguration;
			buildSettings = {
				ALWAYS_SEARCH_USER_PATHS = NO;
				CLANG_CXX_LANGUAGE_STANDARD = "gnu++0x";
				CLANG_CXX_LIBRARY = "libc++";
				CLANG_ENABLE_MODULES = YES;
				CLANG_ENABLE_OBJC_ARC = YES;
				CLANG_WARN_BOOL_CONVERSION = YES;
				CLANG_WARN_CONSTANT_CONVERSION = YES;
				CLANG_WARN_DIRECT_OBJC_ISA_USAGE = YES_ERROR;
				CLANG_WARN_EMPTY_BODY = YES;
				CLANG_WARN_ENUM_CONVERSION = YES;
				CLANG_WARN_INT_CONVERSION = YES;
				CLANG_WARN_OBJC_ROOT_CLASS = YES_ERROR;
				CLANG_WARN_UNREACHABLE_CODE = YES;
				CLANG_WARN__DUPLICATE_METHOD_MATCH = YES;
				"CODE_SIGN_IDENTITY[sdk=iphoneos*]" = "iPhone Developer";
				COPY_PHASE_STRIP = NO;
				DEBUG_INFORMATION_FORMAT = dwarf;
				ENABLE_STRICT_OBJC_MSGSEND = YES;
				ENABLE_TESTABILITY = YES;
				GCC_C_LANGUAGE_STANDARD = gnu99;
				GCC_DYNAMIC_NO_PIC = NO;
				GCC_NO_COMMON_BLOCKS = YES;
				GCC_OPTIMIZATION_LEVEL = 0;
				GCC_PREPROCESSOR_DEFINITIONS = (
					"DEBUG=1",
					"$(inherited)",
				);
				GCC_WARN_64_TO_32_BIT_CONVERSION = YES;
				GCC_WARN_ABOUT_RETURN_TYPE = YES_ERROR;
				GCC_WARN_UNDECLARED_SELECTOR = YES;
				GCC_WARN_UNINITIALIZED_AUTOS = YES_AGGRESSIVE;
				GCC_WARN_UNUSED_FUNCTION = YES;
				GCC_WARN_UNUSED_VARIABLE = YES;
				IPHONEOS_DEPLOYMENT_TARGET = 9.0;
				MTL_ENABLE_DEBUG_INFO = YES;
				ONLY_ACTIVE_ARCH = YES;
				SDKROOT = iphoneos;
				SWIFT_OPTIMIZATION_LEVEL = "-Onone";
				TARGETED_DEVICE_FAMILY = "1,2";
			};
			name = Debug;
		};
		70ADB4D61B413BEC00C3FB89 /* Release */ = {
			isa = XCBuildConfiguration;
			buildSettings = {
				ALWAYS_SEARCH_USER_PATHS = NO;
				CLANG_CXX_LANGUAGE_STANDARD = "gnu++0x";
				CLANG_CXX_LIBRARY = "libc++";
				CLANG_ENABLE_MODULES = YES;
				CLANG_ENABLE_OBJC_ARC = YES;
				CLANG_WARN_BOOL_CONVERSION = YES;
				CLANG_WARN_CONSTANT_CONVERSION = YES;
				CLANG_WARN_DIRECT_OBJC_ISA_USAGE = YES_ERROR;
				CLANG_WARN_EMPTY_BODY = YES;
				CLANG_WARN_ENUM_CONVERSION = YES;
				CLANG_WARN_INT_CONVERSION = YES;
				CLANG_WARN_OBJC_ROOT_CLASS = YES_ERROR;
				CLANG_WARN_UNREACHABLE_CODE = YES;
				CLANG_WARN__DUPLICATE_METHOD_MATCH = YES;
				"CODE_SIGN_IDENTITY[sdk=iphoneos*]" = "iPhone Developer";
				COPY_PHASE_STRIP = NO;
				DEBUG_INFORMATION_FORMAT = "dwarf-with-dsym";
				ENABLE_NS_ASSERTIONS = NO;
				ENABLE_STRICT_OBJC_MSGSEND = YES;
				GCC_C_LANGUAGE_STANDARD = gnu99;
				GCC_NO_COMMON_BLOCKS = YES;
				GCC_WARN_64_TO_32_BIT_CONVERSION = YES;
				GCC_WARN_ABOUT_RETURN_TYPE = YES_ERROR;
				GCC_WARN_UNDECLARED_SELECTOR = YES;
				GCC_WARN_UNINITIALIZED_AUTOS = YES_AGGRESSIVE;
				GCC_WARN_UNUSED_FUNCTION = YES;
				GCC_WARN_UNUSED_VARIABLE = YES;
				IPHONEOS_DEPLOYMENT_TARGET = 9.0;
				MTL_ENABLE_DEBUG_INFO = NO;
				SDKROOT = iphoneos;
				TARGETED_DEVICE_FAMILY = "1,2";
				VALIDATE_PRODUCT = YES;
			};
			name = Release;
		};
		70ADB4D81B413BEC00C3FB89 /* Debug */ = {
			isa = XCBuildConfiguration;
			buildSettings = {
				ASSETCATALOG_COMPILER_APPICON_NAME = AppIcon;
				INFOPLIST_FILE = ContactsFramework/Info.plist;
				LD_RUNPATH_SEARCH_PATHS = "$(inherited) @executable_path/Frameworks";
				PRODUCT_BUNDLE_IDENTIFIER = shinobicontrols.ContactsFramework;
				PRODUCT_NAME = "$(TARGET_NAME)";
			};
			name = Debug;
		};
		70ADB4D91B413BEC00C3FB89 /* Release */ = {
			isa = XCBuildConfiguration;
			buildSettings = {
				ASSETCATALOG_COMPILER_APPICON_NAME = AppIcon;
				INFOPLIST_FILE = ContactsFramework/Info.plist;
				LD_RUNPATH_SEARCH_PATHS = "$(inherited) @executable_path/Frameworks";
				PRODUCT_BUNDLE_IDENTIFIER = shinobicontrols.ContactsFramework;
				PRODUCT_NAME = "$(TARGET_NAME)";
			};
			name = Release;
		};
/* End XCBuildConfiguration section */

/* Begin XCConfigurationList section */
		70ADB4BE1B413BEC00C3FB89 /* Build configuration list for PBXProject "ContactsFramework" */ = {
			isa = XCConfigurationList;
			buildConfigurations = (
				70ADB4D51B413BEC00C3FB89 /* Debug */,
				70ADB4D61B413BEC00C3FB89 /* Release */,
			);
			defaultConfigurationIsVisible = 0;
			defaultConfigurationName = Release;
		};
		70ADB4D71B413BEC00C3FB89 /* Build configuration list for PBXNativeTarget "ContactsFramework" */ = {
			isa = XCConfigurationList;
			buildConfigurations = (
				70ADB4D81B413BEC00C3FB89 /* Debug */,
				70ADB4D91B413BEC00C3FB89 /* Release */,
			);
			defaultConfigurationIsVisible = 0;
			defaultConfigurationName = Release;
		};
/* End XCConfigurationList section */
	};
	rootObject = 70ADB4BB1B413BEC00C3FB89 /* Project object */;
}
