// !$*UTF8*$!
{
	archiveVersion = 1;
	classes = {
	};
	objectVersion = 46;
	objects = {

/* Begin PBXBuildFile section */
		70F410961B396B79007C4351 /* AppDelegate.swift in Sources */ = {isa = PBXBuildFile; fileRef = 70F410951B396B79007C4351 /* AppDelegate.swift */; };
		70F410981B396B79007C4351 /* MenuViewController.swift in Sources */ = {isa = PBXBuildFile; fileRef = 70F410971B396B79007C4351 /* MenuViewController.swift */; };
		70F4109B1B396B79007C4351 /* Main.storyboard in Resources */ = {isa = PBXBuildFile; fileRef = 70F410991B396B79007C4351 /* Main.storyboard */; };
		70F4109D1B396B79007C4351 /* Assets.xcassets in Resources */ = {isa = PBXBuildFile; fileRef = 70F4109C1B396B79007C4351 /* Assets.xcassets */; };
		70F410A01B396B79007C4351 /* LaunchScreen.storyboard in Resources */ = {isa = PBXBuildFile; fileRef = 70F4109E1B396B79007C4351 /* LaunchScreen.storyboard */; };
		70F410AB1B396B7A007C4351 /* UserInterfaceTestingUITests.swift in Sources */ = {isa = PBXBuildFile; fileRef = 70F410AA1B396B7A007C4351 /* UserInterfaceTestingUITests.swift */; };
		70F410B61B39721A007C4351 /* DetailViewController.swift in Sources */ = {isa = PBXBuildFile; fileRef = 70F410B51B39721A007C4351 /* DetailViewController.swift */; };
/* End PBXBuildFile section */

/* Begin PBXContainerItemProxy section */
		70F410A71B396B7A007C4351 /* PBXContainerItemProxy */ = {
			isa = PBXContainerItemProxy;
			containerPortal = 70F4108A1B396B79007C4351 /* Project object */;
			proxyType = 1;
			remoteGlobalIDString = 70F410911B396B79007C4351;
			remoteInfo = UserInterfaceTesting;
		};
/* End PBXContainerItemProxy section */

/* Begin PBXFileReference section */
		70F410921B396B79007C4351 /* UserInterfaceTesting.app */ = {isa = PBXFileReference; explicitFileType = wrapper.application; includeInIndex = 0; path = UserInterfaceTesting.app; sourceTree = BUILT_PRODUCTS_DIR; };
		70F410951B396B79007C4351 /* AppDelegate.swift */ = {isa = PBXFileReference; lastKnownFileType = sourcecode.swift; path = AppDelegate.swift; sourceTree = "<group>"; };
		70F410971B396B79007C4351 /* MenuViewController.swift */ = {isa = PBXFileReference; lastKnownFileType = sourcecode.swift; path = MenuViewController.swift; sourceTree = "<group>"; };
		70F4109A1B396B79007C4351 /* Base */ = {isa = PBXFileReference; lastKnownFileType = file.storyboard; name = Base; path = Base.lproj/Main.storyboard; sourceTree = "<group>"; };
		70F4109C1B396B79007C4351 /* Assets.xcassets */ = {isa = PBXFileReference; lastKnownFileType = folder.assetcatalog; path = Assets.xcassets; sourceTree = "<group>"; };
		70F4109F1B396B79007C4351 /* Base */ = {isa = PBXFileReference; lastKnownFileType = file.storyboard; name = Base; path = Base.lproj/LaunchScreen.storyboard; sourceTree = "<group>"; };
		70F410A11B396B79007C4351 /* Info.plist */ = {isa = PBXFileReference; lastKnownFileType = text.plist.xml; path = Info.plist; sourceTree = "<group>"; };
		70F410A61B396B7A007C4351 /* UserInterfaceTestingUITests.xctest */ = {isa = PBXFileReference; explicitFileType = wrapper.cfbundle; includeInIndex = 0; path = UserInterfaceTestingUITests.xctest; sourceTree = BUILT_PRODUCTS_DIR; };
		70F410AA1B396B7A007C4351 /* UserInterfaceTestingUITests.swift */ = {isa = PBXFileReference; lastKnownFileType = sourcecode.swift; path = UserInterfaceTestingUITests.swift; sourceTree = "<group>"; };
		70F410AC1B396B7A007C4351 /* Info.plist */ = {isa = PBXFileReference; lastKnownFileType = text.plist.xml; path = Info.plist; sourceTree = "<group>"; };
		70F410B51B39721A007C4351 /* DetailViewController.swift */ = {isa = PBXFileReference; fileEncoding = 4; lastKnownFileType = sourcecode.swift; path = DetailViewController.swift; sourceTree = "<group>"; };
/* End PBXFileReference section */

/* Begin PBXFrameworksBuildPhase section */
		70F4108F1B396B79007C4351 /* Frameworks */ = {
			isa = PBXFrameworksBuildPhase;
			buildActionMask = 2147483647;
			files = (
			);
			runOnlyForDeploymentPostprocessing = 0;
		};
		70F410A31B396B7A007C4351 /* Frameworks */ = {
			isa = PBXFrameworksBuildPhase;
			buildActionMask = 2147483647;
			files = (
			);
			runOnlyForDeploymentPostprocessing = 0;
		};
/* End PBXFrameworksBuildPhase section */

/* Begin PBXGroup section */
		70F410891B396B79007C4351 = {
			isa = PBXGroup;
			children = (
				70F410941B396B79007C4351 /* UserInterfaceTesting */,
				70F410A91B396B7A007C4351 /* UserInterfaceTestingUITests */,
				70F410931B396B79007C4351 /* Products */,
			);
			sourceTree = "<group>";
		};
		70F410931B396B79007C4351 /* Products */ = {
			isa = PBXGroup;
			children = (
				70F410921B396B79007C4351 /* UserInterfaceTesting.app */,
				70F410A61B396B7A007C4351 /* UserInterfaceTestingUITests.xctest */,
			);
			name = Products;
			sourceTree = "<group>";
		};
		70F410941B396B79007C4351 /* UserInterfaceTesting */ = {
			isa = PBXGroup;
			children = (
				70F410951B396B79007C4351 /* AppDelegate.swift */,
				70F410971B396B79007C4351 /* MenuViewController.swift */,
				70F410991B396B79007C4351 /* Main.storyboard */,
				70F410B51B39721A007C4351 /* DetailViewController.swift */,
				70F4109C1B396B79007C4351 /* Assets.xcassets */,
				70F4109E1B396B79007C4351 /* LaunchScreen.storyboard */,
				70F410A11B396B79007C4351 /* Info.plist */,
			);
			path = UserInterfaceTesting;
			sourceTree = "<group>";
		};
		70F410A91B396B7A007C4351 /* UserInterfaceTestingUITests */ = {
			isa = PBXGroup;
			children = (
				70F410AA1B396B7A007C4351 /* UserInterfaceTestingUITests.swift */,
				70F410AC1B396B7A007C4351 /* Info.plist */,
			);
			path = UserInterfaceTestingUITests;
			sourceTree = "<group>";
		};
/* End PBXGroup section */

/* Begin PBXNativeTarget section */
		70F410911B396B79007C4351 /* UserInterfaceTesting */ = {
			isa = PBXNativeTarget;
			buildConfigurationList = 70F410AF1B396B7A007C4351 /* Build configuration list for PBXNativeTarget "UserInterfaceTesting" */;
			buildPhases = (
				70F4108E1B396B79007C4351 /* Sources */,
				70F4108F1B396B79007C4351 /* Frameworks */,
				70F410901B396B79007C4351 /* Resources */,
			);
			buildRules = (
			);
			dependencies = (
			);
			name = UserInterfaceTesting;
			productName = UserInterfaceTesting;
			productReference = 70F410921B396B79007C4351 /* UserInterfaceTesting.app */;
			productType = "com.apple.product-type.application";
		};
		70F410A51B396B7A007C4351 /* UserInterfaceTestingUITests */ = {
			isa = PBXNativeTarget;
			buildConfigurationList = 70F410B21B396B7A007C4351 /* Build configuration list for PBXNativeTarget "UserInterfaceTestingUITests" */;
			buildPhases = (
				70F410A21B396B7A007C4351 /* Sources */,
				70F410A31B396B7A007C4351 /* Frameworks */,
				70F410A41B396B7A007C4351 /* Resources */,
			);
			buildRules = (
			);
			dependencies = (
				70F410A81B396B7A007C4351 /* PBXTargetDependency */,
			);
			name = UserInterfaceTestingUITests;
			productName = UserInterfaceTestingUITests;
			productReference = 70F410A61B396B7A007C4351 /* UserInterfaceTestingUITests.xctest */;
			productType = "com.apple.product-type.bundle.ui-testing";
		};
/* End PBXNativeTarget section */

/* Begin PBXProject section */
		70F4108A1B396B79007C4351 /* Project object */ = {
			isa = PBXProject;
			attributes = {
				LastSwiftUpdateCheck = 0710;
				LastUpgradeCheck = 0700;
				ORGANIZATIONNAME = ShinobiControls;
				TargetAttributes = {
					70F410911B396B79007C4351 = {
						CreatedOnToolsVersion = 7.0;
					};
					70F410A51B396B7A007C4351 = {
						CreatedOnToolsVersion = 7.0;
						TestTargetID = 70F410911B396B79007C4351;
					};
				};
			};
			buildConfigurationList = 70F4108D1B396B79007C4351 /* Build configuration list for PBXProject "UserInterfaceTesting" */;
			compatibilityVersion = "Xcode 3.2";
			developmentRegion = English;
			hasScannedForEncodings = 0;
			knownRegions = (
				en,
				Base,
			);
			mainGroup = 70F410891B396B79007C4351;
			productRefGroup = 70F410931B396B79007C4351 /* Products */;
			projectDirPath = "";
			projectRoot = "";
			targets = (
				70F410911B396B79007C4351 /* UserInterfaceTesting */,
				70F410A51B396B7A007C4351 /* UserInterfaceTestingUITests */,
			);
		};
/* End PBXProject section */

/* Begin PBXResourcesBuildPhase section */
		70F410901B396B79007C4351 /* Resources */ = {
			isa = PBXResourcesBuildPhase;
			buildActionMask = 2147483647;
			files = (
				70F410A01B396B79007C4351 /* LaunchScreen.storyboard in Resources */,
				70F4109D1B396B79007C4351 /* Assets.xcassets in Resources */,
				70F4109B1B396B79007C4351 /* Main.storyboard in Resources */,
			);
			runOnlyForDeploymentPostprocessing = 0;
		};
		70F410A41B396B7A007C4351 /* Resources */ = {
			isa = PBXResourcesBuildPhase;
			buildActionMask = 2147483647;
			files = (
			);
			runOnlyForDeploymentPostprocessing = 0;
		};
/* End PBXResourcesBuildPhase section */

/* Begin PBXSourcesBuildPhase section */
		70F4108E1B396B79007C4351 /* Sources */ = {
			isa = PBXSourcesBuildPhase;
			buildActionMask = 2147483647;
			files = (
				70F410B61B39721A007C4351 /* DetailViewController.swift in Sources */,
				70F410981B396B79007C4351 /* MenuViewController.swift in Sources */,
				70F410961B396B79007C4351 /* AppDelegate.swift in Sources */,
			);
			runOnlyForDeploymentPostprocessing = 0;
		};
		70F410A21B396B7A007C4351 /* Sources */ = {
			isa = PBXSourcesBuildPhase;
			buildActionMask = 2147483647;
			files = (
				70F410AB1B396B7A007C4351 /* UserInterfaceTestingUITests.swift in Sources */,
			);
			runOnlyForDeploymentPostprocessing = 0;
		};
/* End PBXSourcesBuildPhase section */

/* Begin PBXTargetDependency section */
		70F410A81B396B7A007C4351 /* PBXTargetDependency */ = {
			isa = PBXTargetDependency;
			target = 70F410911B396B79007C4351 /* UserInterfaceTesting */;
			targetProxy = 70F410A71B396B7A007C4351 /* PBXContainerItemProxy */;
		};
/* End PBXTargetDependency section */

/* Begin PBXVariantGroup section */
		70F410991B396B79007C4351 /* Main.storyboard */ = {
			isa = PBXVariantGroup;
			children = (
				70F4109A1B396B79007C4351 /* Base */,
			);
			name = Main.storyboard;
			sourceTree = "<group>";
		};
		70F4109E1B396B79007C4351 /* LaunchScreen.storyboard */ = {
			isa = PBXVariantGroup;
			children = (
				70F4109F1B396B79007C4351 /* Base */,
			);
			name = LaunchScreen.storyboard;
			sourceTree = "<group>";
		};
/* End PBXVariantGroup section */

/* Begin XCBuildConfiguration section */
		70F410AD1B396B7A007C4351 /* Debug */ = {
			isa = XCBuildConfiguration;
			buildSettings = {
				ALWAYS_SEARCH_USER_PATHS = NO;
				CLANG_CXX_LANGUAGE_STANDARD = "gnu++0x";
				CLANG_CXX_LIBRARY = "libc++";
				CLANG_ENABLE_MODULES = YES;
				CLANG_ENABLE_OBJC_ARC = YES;
				CLANG_WARN_BOOL_CONVERSION = YES;
				CLANG_WARN_CONSTANT_CONVERSION = YES;
				CLANG_WARN_DIRECT_OBJC_ISA_USAGE = YES_ERROR;
				CLANG_WARN_EMPTY_BODY = YES;
				CLANG_WARN_ENUM_CONVERSION = YES;
				CLANG_WARN_INT_CONVERSION = YES;
				CLANG_WARN_OBJC_ROOT_CLASS = YES_ERROR;
				CLANG_WARN_UNREACHABLE_CODE = YES;
				CLANG_WARN__DUPLICATE_METHOD_MATCH = YES;
				"CODE_SIGN_IDENTITY[sdk=iphoneos*]" = "iPhone Developer";
				COPY_PHASE_STRIP = NO;
				DEBUG_INFORMATION_FORMAT = dwarf;
				ENABLE_STRICT_OBJC_MSGSEND = YES;
				ENABLE_TESTABILITY = YES;
				GCC_C_LANGUAGE_STANDARD = gnu99;
				GCC_DYNAMIC_NO_PIC = NO;
				GCC_NO_COMMON_BLOCKS = YES;
				GCC_OPTIMIZATION_LEVEL = 0;
				GCC_PREPROCESSOR_DEFINITIONS = (
					"DEBUG=1",
					"$(inherited)",
				);
				GCC_WARN_64_TO_32_BIT_CONVERSION = YES;
				GCC_WARN_ABOUT_RETURN_TYPE = YES_ERROR;
				GCC_WARN_UNDECLARED_SELECTOR = YES;
				GCC_WARN_UNINITIALIZED_AUTOS = YES_AGGRESSIVE;
				GCC_WARN_UNUSED_FUNCTION = YES;
				GCC_WARN_UNUSED_VARIABLE = YES;
				IPHONEOS_DEPLOYMENT_TARGET = 9.0;
				MTL_ENABLE_DEBUG_INFO = YES;
				ONLY_ACTIVE_ARCH = YES;
				SDKROOT = iphoneos;
				SWIFT_OPTIMIZATION_LEVEL = "-Onone";
				TARGETED_DEVICE_FAMILY = "1,2";
			};
			name = Debug;
		};
		70F410AE1B396B7A007C4351 /* Release */ = {
			isa = XCBuildConfiguration;
			buildSettings = {
				ALWAYS_SEARCH_USER_PATHS = NO;
				CLANG_CXX_LANGUAGE_STANDARD = "gnu++0x";
				CLANG_CXX_LIBRARY = "libc++";
				CLANG_ENABLE_MODULES = YES;
				CLANG_ENABLE_OBJC_ARC = YES;
				CLANG_WARN_BOOL_CONVERSION = YES;
				CLANG_WARN_CONSTANT_CONVERSION = YES;
				CLANG_WARN_DIRECT_OBJC_ISA_USAGE = YES_ERROR;
				CLANG_WARN_EMPTY_BODY = YES;
				CLANG_WARN_ENUM_CONVERSION = YES;
				CLANG_WARN_INT_CONVERSION = YES;
				CLANG_WARN_OBJC_ROOT_CLASS = YES_ERROR;
				CLANG_WARN_UNREACHABLE_CODE = YES;
				CLANG_WARN__DUPLICATE_METHOD_MATCH = YES;
				"CODE_SIGN_IDENTITY[sdk=iphoneos*]" = "iPhone Developer";
				COPY_PHASE_STRIP = NO;
				DEBUG_INFORMATION_FORMAT = "dwarf-with-dsym";
				ENABLE_NS_ASSERTIONS = NO;
				ENABLE_STRICT_OBJC_MSGSEND = YES;
				GCC_C_LANGUAGE_STANDARD = gnu99;
				GCC_NO_COMMON_BLOCKS = YES;
				GCC_WARN_64_TO_32_BIT_CONVERSION = YES;
				GCC_WARN_ABOUT_RETURN_TYPE = YES_ERROR;
				GCC_WARN_UNDECLARED_SELECTOR = YES;
				GCC_WARN_UNINITIALIZED_AUTOS = YES_AGGRESSIVE;
				GCC_WARN_UNUSED_FUNCTION = YES;
				GCC_WARN_UNUSED_VARIABLE = YES;
				IPHONEOS_DEPLOYMENT_TARGET = 9.0;
				MTL_ENABLE_DEBUG_INFO = NO;
				SDKROOT = iphoneos;
				TARGETED_DEVICE_FAMILY = "1,2";
				VALIDATE_PRODUCT = YES;
			};
			name = Release;
		};
		70F410B01B396B7A007C4351 /* Debug */ = {
			isa = XCBuildConfiguration;
			buildSettings = {
				ASSETCATALOG_COMPILER_APPICON_NAME = AppIcon;
				INFOPLIST_FILE = UserInterfaceTesting/Info.plist;
				LD_RUNPATH_SEARCH_PATHS = "$(inherited) @executable_path/Frameworks";
				PRODUCT_BUNDLE_IDENTIFIER = shinobicontrols.UserInterfaceTesting;
				PRODUCT_NAME = "$(TARGET_NAME)";
			};
			name = Debug;
		};
		70F410B11B396B7A007C4351 /* Release */ = {
			isa = XCBuildConfiguration;
			buildSettings = {
				ASSETCATALOG_COMPILER_APPICON_NAME = AppIcon;
				INFOPLIST_FILE = UserInterfaceTesting/Info.plist;
				LD_RUNPATH_SEARCH_PATHS = "$(inherited) @executable_path/Frameworks";
				PRODUCT_BUNDLE_IDENTIFIER = shinobicontrols.UserInterfaceTesting;
				PRODUCT_NAME = "$(TARGET_NAME)";
			};
			name = Release;
		};
		70F410B31B396B7A007C4351 /* Debug */ = {
			isa = XCBuildConfiguration;
			buildSettings = {
				INFOPLIST_FILE = UserInterfaceTestingUITests/Info.plist;
				LD_RUNPATH_SEARCH_PATHS = "$(inherited) @executable_path/Frameworks @loader_path/Frameworks";
				PRODUCT_BUNDLE_IDENTIFIER = shinobicontrols.UserInterfaceTestingUITests;
				PRODUCT_NAME = "$(TARGET_NAME)";
				TEST_TARGET_NAME = UserInterfaceTesting;
				USES_XCTRUNNER = YES;
			};
			name = Debug;
		};
		70F410B41B396B7A007C4351 /* Release */ = {
			isa = XCBuildConfiguration;
			buildSettings = {
				INFOPLIST_FILE = UserInterfaceTestingUITests/Info.plist;
				LD_RUNPATH_SEARCH_PATHS = "$(inherited) @executable_path/Frameworks @loader_path/Frameworks";
				PRODUCT_BUNDLE_IDENTIFIER = shinobicontrols.UserInterfaceTestingUITests;
				PRODUCT_NAME = "$(TARGET_NAME)";
				TEST_TARGET_NAME = UserInterfaceTesting;
				USES_XCTRUNNER = YES;
			};
			name = Release;
		};
/* End XCBuildConfiguration section */

/* Begin XCConfigurationList section */
		70F4108D1B396B79007C4351 /* Build configuration list for PBXProject "UserInterfaceTesting" */ = {
			isa = XCConfigurationList;
			buildConfigurations = (
				70F410AD1B396B7A007C4351 /* Debug */,
				70F410AE1B396B7A007C4351 /* Release */,
			);
			defaultConfigurationIsVisible = 0;
			defaultConfigurationName = Release;
		};
		70F410AF1B396B7A007C4351 /* Build configuration list for PBXNativeTarget "UserInterfaceTesting" */ = {
			isa = XCConfigurationList;
			buildConfigurations = (
				70F410B01B396B7A007C4351 /* Debug */,
				70F410B11B396B7A007C4351 /* Release */,
			);
			defaultConfigurationIsVisible = 0;
			defaultConfigurationName = Release;
		};
		70F410B21B396B7A007C4351 /* Build configuration list for PBXNativeTarget "UserInterfaceTestingUITests" */ = {
			isa = XCConfigurationList;
			buildConfigurations = (
				70F410B31B396B7A007C4351 /* Debug */,
				70F410B41B396B7A007C4351 /* Release */,
			);
			defaultConfigurationIsVisible = 0;
			defaultConfigurationName = Release;
		};
/* End XCConfigurationList section */
	};
	rootObject = 70F4108A1B396B79007C4351 /* Project object */;
}
