// !$*UTF8*$!
{
	archiveVersion = 1;
	classes = {
	};
	objectVersion = 46;
	objects = {

/* Begin PBXBuildFile section */
		707CE8D61B4EB0D700065549 /* DestinationTableViewCell.swift in Sources */ = {isa = PBXBuildFile; fileRef = 707CE8D51B4EB0D700065549 /* DestinationTableViewCell.swift */; };
		707CE8D81B4EB18400065549 /* Destination.swift in Sources */ = {isa = PBXBuildFile; fileRef = 707CE8D71B4EB18400065549 /* Destination.swift */; };
		708F1E7F1B4E71E10003FD83 /* AppDelegate.swift in Sources */ = {isa = PBXBuildFile; fileRef = 708F1E7E1B4E71E10003FD83 /* AppDelegate.swift */; };
		708F1E811B4E71E10003FD83 /* ViewController.swift in Sources */ = {isa = PBXBuildFile; fileRef = 708F1E801B4E71E10003FD83 /* ViewController.swift */; };
		708F1E841B4E71E10003FD83 /* Main.storyboard in Resources */ = {isa = PBXBuildFile; fileRef = 708F1E821B4E71E10003FD83 /* Main.storyboard */; };
		708F1E861B4E71E10003FD83 /* Assets.xcassets in Resources */ = {isa = PBXBuildFile; fileRef = 708F1E851B4E71E10003FD83 /* Assets.xcassets */; };
		708F1E891B4E71E10003FD83 /* LaunchScreen.storyboard in Resources */ = {isa = PBXBuildFile; fileRef = 708F1E871B4E71E10003FD83 /* LaunchScreen.storyboard */; };
/* End PBXBuildFile section */

/* Begin PBXFileReference section */
		707CE8D51B4EB0D700065549 /* DestinationTableViewCell.swift */ = {isa = PBXFileReference; fileEncoding = 4; lastKnownFileType = sourcecode.swift; path = DestinationTableViewCell.swift; sourceTree = "<group>"; };
		707CE8D71B4EB18400065549 /* Destination.swift */ = {isa = PBXFileReference; fileEncoding = 4; lastKnownFileType = sourcecode.swift; path = Destination.swift; sourceTree = "<group>"; };
		708F1E7B1B4E71E10003FD83 /* MapKitTransit.app */ = {isa = PBXFileReference; explicitFileType = wrapper.application; includeInIndex = 0; path = MapKitTransit.app; sourceTree = BUILT_PRODUCTS_DIR; };
		708F1E7E1B4E71E10003FD83 /* AppDelegate.swift */ = {isa = PBXFileReference; lastKnownFileType = sourcecode.swift; path = AppDelegate.swift; sourceTree = "<group>"; };
		708F1E801B4E71E10003FD83 /* ViewController.swift */ = {isa = PBXFileReference; lastKnownFileType = sourcecode.swift; path = ViewController.swift; sourceTree = "<group>"; };
		708F1E831B4E71E10003FD83 /* Base */ = {isa = PBXFileReference; lastKnownFileType = file.storyboard; name = Base; path = Base.lproj/Main.storyboard; sourceTree = "<group>"; };
		708F1E851B4E71E10003FD83 /* Assets.xcassets */ = {isa = PBXFileReference; lastKnownFileType = folder.assetcatalog; path = Assets.xcassets; sourceTree = "<group>"; };
		708F1E881B4E71E10003FD83 /* Base */ = {isa = PBXFileReference; lastKnownFileType = file.storyboard; name = Base; path = Base.lproj/LaunchScreen.storyboard; sourceTree = "<group>"; };
		708F1E8A1B4E71E20003FD83 /* Info.plist */ = {isa = PBXFileReference; lastKnownFileType = text.plist.xml; path = Info.plist; sourceTree = "<group>"; };
/* End PBXFileReference section */

/* Begin PBXFrameworksBuildPhase section */
		708F1E781B4E71E00003FD83 /* Frameworks */ = {
			isa = PBXFrameworksBuildPhase;
			buildActionMask = 2147483647;
			files = (
			);
			runOnlyForDeploymentPostprocessing = 0;
		};
/* End PBXFrameworksBuildPhase section */

/* Begin PBXGroup section */
		708F1E721B4E71E00003FD83 = {
			isa = PBXGroup;
			children = (
				708F1E7D1B4E71E10003FD83 /* MapKitTransit */,
				708F1E7C1B4E71E10003FD83 /* Products */,
			);
			sourceTree = "<group>";
		};
		708F1E7C1B4E71E10003FD83 /* Products */ = {
			isa = PBXGroup;
			children = (
				708F1E7B1B4E71E10003FD83 /* MapKitTransit.app */,
			);
			name = Products;
			sourceTree = "<group>";
		};
		708F1E7D1B4E71E10003FD83 /* MapKitTransit */ = {
			isa = PBXGroup;
			children = (
				708F1E7E1B4E71E10003FD83 /* AppDelegate.swift */,
				708F1E801B4E71E10003FD83 /* ViewController.swift */,
				708F1E821B4E71E10003FD83 /* Main.storyboard */,
				708F1E851B4E71E10003FD83 /* Assets.xcassets */,
				708F1E871B4E71E10003FD83 /* LaunchScreen.storyboard */,
				708F1E8A1B4E71E20003FD83 /* Info.plist */,
				707CE8D51B4EB0D700065549 /* DestinationTableViewCell.swift */,
				707CE8D71B4EB18400065549 /* Destination.swift */,
			);
			path = MapKitTransit;
			sourceTree = "<group>";
		};
/* End PBXGroup section */

/* Begin PBXNativeTarget section */
		708F1E7A1B4E71E00003FD83 /* MapKitTransit */ = {
			isa = PBXNativeTarget;
			buildConfigurationList = 708F1E8D1B4E71E20003FD83 /* Build configuration list for PBXNativeTarget "MapKitTransit" */;
			buildPhases = (
				708F1E771B4E71E00003FD83 /* Sources */,
				708F1E781B4E71E00003FD83 /* Frameworks */,
				708F1E791B4E71E00003FD83 /* Resources */,
			);
			buildRules = (
			);
			dependencies = (
			);
			name = MapKitTransit;
			productName = MapKitTransit;
			productReference = 708F1E7B1B4E71E10003FD83 /* MapKitTransit.app */;
			productType = "com.apple.product-type.application";
		};
/* End PBXNativeTarget section */

/* Begin PBXProject section */
		708F1E731B4E71E00003FD83 /* Project object */ = {
			isa = PBXProject;
			attributes = {
				LastUpgradeCheck = 0700;
				ORGANIZATIONNAME = "Shinobi Controls";
				TargetAttributes = {
					708F1E7A1B4E71E00003FD83 = {
						CreatedOnToolsVersion = 7.0;
					};
				};
			};
			buildConfigurationList = 708F1E761B4E71E00003FD83 /* Build configuration list for PBXProject "MapKitTransit" */;
			compatibilityVersion = "Xcode 3.2";
			developmentRegion = English;
			hasScannedForEncodings = 0;
			knownRegions = (
				en,
				Base,
			);
			mainGroup = 708F1E721B4E71E00003FD83;
			productRefGroup = 708F1E7C1B4E71E10003FD83 /* Products */;
			projectDirPath = "";
			projectRoot = "";
			targets = (
				708F1E7A1B4E71E00003FD83 /* MapKitTransit */,
			);
		};
/* End PBXProject section */

/* Begin PBXResourcesBuildPhase section */
		708F1E791B4E71E00003FD83 /* Resources */ = {
			isa = PBXResourcesBuildPhase;
			buildActionMask = 2147483647;
			files = (
				708F1E891B4E71E10003FD83 /* LaunchScreen.storyboard in Resources */,
				708F1E861B4E71E10003FD83 /* Assets.xcassets in Resources */,
				708F1E841B4E71E10003FD83 /* Main.storyboard in Resources */,
			);
			runOnlyForDeploymentPostprocessing = 0;
		};
/* End PBXResourcesBuildPhase section */

/* Begin PBXSourcesBuildPhase section */
		708F1E771B4E71E00003FD83 /* Sources */ = {
			isa = PBXSourcesBuildPhase;
			buildActionMask = 2147483647;
			files = (
				707CE8D61B4EB0D700065549 /* DestinationTableViewCell.swift in Sources */,
				708F1E811B4E71E10003FD83 /* ViewController.swift in Sources */,
				707CE8D81B4EB18400065549 /* Destination.swift in Sources */,
				708F1E7F1B4E71E10003FD83 /* AppDelegate.swift in Sources */,
			);
			runOnlyForDeploymentPostprocessing = 0;
		};
/* End PBXSourcesBuildPhase section */

/* Begin PBXVariantGroup section */
		708F1E821B4E71E10003FD83 /* Main.storyboard */ = {
			isa = PBXVariantGroup;
			children = (
				708F1E831B4E71E10003FD83 /* Base */,
			);
			name = Main.storyboard;
			sourceTree = "<group>";
		};
		708F1E871B4E71E10003FD83 /* LaunchScreen.storyboard */ = {
			isa = PBXVariantGroup;
			children = (
				708F1E881B4E71E10003FD83 /* Base */,
			);
			name = LaunchScreen.storyboard;
			sourceTree = "<group>";
		};
/* End PBXVariantGroup section */

/* Begin XCBuildConfiguration section */
		708F1E8B1B4E71E20003FD83 /* Debug */ = {
			isa = XCBuildConfiguration;
			buildSettings = {
				ALWAYS_SEARCH_USER_PATHS = NO;
				CLANG_CXX_LANGUAGE_STANDARD = "gnu++0x";
				CLANG_CXX_LIBRARY = "libc++";
				CLANG_ENABLE_MODULES = YES;
				CLANG_ENABLE_OBJC_ARC = YES;
				CLANG_WARN_BOOL_CONVERSION = YES;
				CLANG_WARN_CONSTANT_CONVERSION = YES;
				CLANG_WARN_DIRECT_OBJC_ISA_USAGE = YES_ERROR;
				CLANG_WARN_EMPTY_BODY = YES;
				CLANG_WARN_ENUM_CONVERSION = YES;
				CLANG_WARN_INT_CONVERSION = YES;
				CLANG_WARN_OBJC_ROOT_CLASS = YES_ERROR;
				CLANG_WARN_UNREACHABLE_CODE = YES;
				CLANG_WARN__DUPLICATE_METHOD_MATCH = YES;
				"CODE_SIGN_IDENTITY[sdk=iphoneos*]" = "iPhone Developer";
				COPY_PHASE_STRIP = NO;
				DEBUG_INFORMATION_FORMAT = dwarf;
				ENABLE_STRICT_OBJC_MSGSEND = YES;
				ENABLE_TESTABILITY = YES;
				GCC_C_LANGUAGE_STANDARD = gnu99;
				GCC_DYNAMIC_NO_PIC = NO;
				GCC_NO_COMMON_BLOCKS = YES;
				GCC_OPTIMIZATION_LEVEL = 0;
				GCC_PREPROCESSOR_DEFINITIONS = (
					"DEBUG=1",
					"$(inherited)",
				);
				GCC_WARN_64_TO_32_BIT_CONVERSION = YES;
				GCC_WARN_ABOUT_RETURN_TYPE = YES_ERROR;
				GCC_WARN_UNDECLARED_SELECTOR = YES;
				GCC_WARN_UNINITIALIZED_AUTOS = YES_AGGRESSIVE;
				GCC_WARN_UNUSED_FUNCTION = YES;
				GCC_WARN_UNUSED_VARIABLE = YES;
				IPHONEOS_DEPLOYMENT_TARGET = 9.0;
				MTL_ENABLE_DEBUG_INFO = YES;
				ONLY_ACTIVE_ARCH = YES;
				SDKROOT = iphoneos;
				SWIFT_OPTIMIZATION_LEVEL = "-Onone";
				TARGETED_DEVICE_FAMILY = "1,2";
			};
			name = Debug;
		};
		708F1E8C1B4E71E20003FD83 /* Release */ = {
			isa = XCBuildConfiguration;
			buildSettings = {
				ALWAYS_SEARCH_USER_PATHS = NO;
				CLANG_CXX_LANGUAGE_STANDARD = "gnu++0x";
				CLANG_CXX_LIBRARY = "libc++";
				CLANG_ENABLE_MODULES = YES;
				CLANG_ENABLE_OBJC_ARC = YES;
				CLANG_WARN_BOOL_CONVERSION = YES;
				CLANG_WARN_CONSTANT_CONVERSION = YES;
				CLANG_WARN_DIRECT_OBJC_ISA_USAGE = YES_ERROR;
				CLANG_WARN_EMPTY_BODY = YES;
				CLANG_WARN_ENUM_CONVERSION = YES;
				CLANG_WARN_INT_CONVERSION = YES;
				CLANG_WARN_OBJC_ROOT_CLASS = YES_ERROR;
				CLANG_WARN_UNREACHABLE_CODE = YES;
				CLANG_WARN__DUPLICATE_METHOD_MATCH = YES;
				"CODE_SIGN_IDENTITY[sdk=iphoneos*]" = "iPhone Developer";
				COPY_PHASE_STRIP = NO;
				DEBUG_INFORMATION_FORMAT = "dwarf-with-dsym";
				ENABLE_NS_ASSERTIONS = NO;
				ENABLE_STRICT_OBJC_MSGSEND = YES;
				GCC_C_LANGUAGE_STANDARD = gnu99;
				GCC_NO_COMMON_BLOCKS = YES;
				GCC_WARN_64_TO_32_BIT_CONVERSION = YES;
				GCC_WARN_ABOUT_RETURN_TYPE = YES_ERROR;
				GCC_WARN_UNDECLARED_SELECTOR = YES;
				GCC_WARN_UNINITIALIZED_AUTOS = YES_AGGRESSIVE;
				GCC_WARN_UNUSED_FUNCTION = YES;
				GCC_WARN_UNUSED_VARIABLE = YES;
				IPHONEOS_DEPLOYMENT_TARGET = 9.0;
				MTL_ENABLE_DEBUG_INFO = NO;
				SDKROOT = iphoneos;
				TARGETED_DEVICE_FAMILY = "1,2";
				VALIDATE_PRODUCT = YES;
			};
			name = Release;
		};
		708F1E8E1B4E71E20003FD83 /* Debug */ = {
			isa = XCBuildConfiguration;
			buildSettings = {
				ASSETCATALOG_COMPILER_APPICON_NAME = AppIcon;
				INFOPLIST_FILE = MapKitTransit/Info.plist;
				LD_RUNPATH_SEARCH_PATHS = "$(inherited) @executable_path/Frameworks";
				PRODUCT_BUNDLE_IDENTIFIER = shinobicontrols.MapKitTransit;
				PRODUCT_NAME = "$(TARGET_NAME)";
			};
			name = Debug;
		};
		708F1E8F1B4E71E20003FD83 /* Release */ = {
			isa = XCBuildConfiguration;
			buildSettings = {
				ASSETCATALOG_COMPILER_APPICON_NAME = AppIcon;
				INFOPLIST_FILE = MapKitTransit/Info.plist;
				LD_RUNPATH_SEARCH_PATHS = "$(inherited) @executable_path/Frameworks";
				PRODUCT_BUNDLE_IDENTIFIER = shinobicontrols.MapKitTransit;
				PRODUCT_NAME = "$(TARGET_NAME)";
			};
			name = Release;
		};
/* End XCBuildConfiguration section */

/* Begin XCConfigurationList section */
		708F1E761B4E71E00003FD83 /* Build configuration list for PBXProject "MapKitTransit" */ = {
			isa = XCConfigurationList;
			buildConfigurations = (
				708F1E8B1B4E71E20003FD83 /* Debug */,
				708F1E8C1B4E71E20003FD83 /* Release */,
			);
			defaultConfigurationIsVisible = 0;
			defaultConfigurationName = Release;
		};
		708F1E8D1B4E71E20003FD83 /* Build configuration list for PBXNativeTarget "MapKitTransit" */ = {
			isa = XCConfigurationList;
			buildConfigurations = (
				708F1E8E1B4E71E20003FD83 /* Debug */,
				708F1E8F1B4E71E20003FD83 /* Release */,
			);
			defaultConfigurationIsVisible = 0;
			defaultConfigurationName = Release;
		};
/* End XCConfigurationList section */
	};
	rootObject = 708F1E731B4E71E00003FD83 /* Project object */;
}
